
Microsoft Visual Studio Solution File, Format Version 12.00
# Visual Studio Version 17
VisualStudioVersion = 17.5.33627.172
MinimumVisualStudioVersion = 10.0.40219.1
Project("{FAE04EC0-301F-11D3-BF4B-00C04F79EFBC}") = "WebApplication12", "WebApplication12\WebApplication12.csproj", "{93A28BB1-F708-433C-885F-0CEE2805C24F}"
EndProject
Global
	GlobalSection(SolutionConfigurationPlatforms) = preSolution
		Debug|Any CPU = Debug|Any CPU
		Release|Any CPU = Release|Any CPU
	EndGlobalSection
	GlobalSection(ProjectConfigurationPlatforms) = postSolution
		{93A28BB1-F708-433C-885F-0CEE2805C24F}.Debug|Any CPU.ActiveCfg = Debug|Any CPU
		{93A28BB1-F708-433C-885F-0CEE2805C24F}.Debug|Any CPU.Build.0 = Debug|Any CPU
		{93A28BB1-F708-433C-885F-0CEE2805C24F}.Release|Any CPU.ActiveCfg = Release|Any CPU
		{93A28BB1-F708-433C-885F-0CEE2805C24F}.Release|Any CPU.Build.0 = Release|Any CPU
	EndGlobalSection
	GlobalSection(SolutionProperties) = preSolution
		HideSolutionNode = FALSE
	EndGlobalSection
	GlobalSection(ExtensibilityGlobals) = postSolution
		SolutionGuid = {5746DC91-A50A-4BD7-A40B-953273C63893}
	EndGlobalSection
EndGlobal
